# This file was autogenerated by Stack.
# You should not edit this file by hand.
# For more information, please see the documentation at:
#   https://docs.haskellstack.org/en/stable/lock_files

packages:
- completed:
    hackage: diff-parse-0.2.1@sha256:f1dcccfd6434983539c88f07d6fb971ebc3e03f02893ac3ad649a60745ca1fc4,1419
    pantry-tree:
      sha256: 5cffcac01b6ad7d818775d0303b3afff50c542468aa953bfbe6fcab321c2abd1
      size: 455
  original:
    hackage: diff-parse-0.2.1
snapshots:
- completed:
    sha256: adbc602422dde10cc330175da7de8609e70afc41449a7e2d6e8b1827aa0e5008
    size: 649342
    url: https://raw.githubusercontent.com/commercialhaskell/stackage-snapshots/master/lts/20/11.yaml
  original:
    url: https://raw.githubusercontent.com/commercialhaskell/stackage-snapshots/master/lts/20/11.yaml
